
Microsoft Visual Studio Solution File, Format Version 12.00
# Visual Studio Version 17
VisualStudioVersion = 17.2.32616.157
MinimumVisualStudioVersion = 10.0.40219.1
Project("{9A19103F-16F7-4668-BE54-9A1E7A4F7556}") = "PizzaShop", "PizzaShop\PizzaShop.csproj", "{8F46A0EF-681D-4AFC-A2F4-0B79C342B946}"
EndProject
Global
	GlobalSection(SolutionConfigurationPlatforms) = preSolution
		Debug|Any CPU = Debug|Any CPU
		Release|Any CPU = Release|Any CPU
	EndGlobalSection
	GlobalSection(ProjectConfigurationPlatforms) = postSolution
		{8F46A0EF-681D-4AFC-A2F4-0B79C342B946}.Debug|Any CPU.ActiveCfg = Debug|Any CPU
		{8F46A0EF-681D-4AFC-A2F4-0B79C342B946}.Debug|Any CPU.Build.0 = Debug|Any CPU
		{8F46A0EF-681D-4AFC-A2F4-0B79C342B946}.Release|Any CPU.ActiveCfg = Release|Any CPU
		{8F46A0EF-681D-4AFC-A2F4-0B79C342B946}.Release|Any CPU.Build.0 = Release|Any CPU
	EndGlobalSection
	GlobalSection(SolutionProperties) = preSolution
		HideSolutionNode = FALSE
	EndGlobalSection
	GlobalSection(ExtensibilityGlobals) = postSolution
		SolutionGuid = {780FFDF3-33E1-4122-B12D-435721A4FA3E}
	EndGlobalSection
EndGlobal
